
Microsoft Visual Studio Solution File, Format Version 12.00
# Visual Studio Version 16
VisualStudioVersion = 16.0.31005.135
MinimumVisualStudioVersion = 10.0.40219.1
Project("{8BC9CEB8-8B4A-11D0-8D11-00A0C91BC942}") = "Lab5", "Lab5.vcxproj", "{ECD7E305-DA88-48C0-A435-98D84EF48945}"
EndProject
Global
	GlobalSection(SolutionConfigurationPlatforms) = preSolution
		Debug|x64 = Debug|x64
		Debug|x86 = Debug|x86
		Release|x64 = Release|x64
		Release|x86 = Release|x86
	EndGlobalSection
	GlobalSection(ProjectConfigurationPlatforms) = postSolution
		{ECD7E305-DA88-48C0-A435-98D84EF48945}.Debug|x64.ActiveCfg = Debug|x64
		{ECD7E305-DA88-48C0-A435-98D84EF48945}.Debug|x64.Build.0 = Debug|x64
		{ECD7E305-DA88-48C0-A435-98D84EF48945}.Debug|x86.ActiveCfg = Debug|Win32
		{ECD7E305-DA88-48C0-A435-98D84EF48945}.Debug|x86.Build.0 = Debug|Win32
		{ECD7E305-DA88-48C0-A435-98D84EF48945}.Release|x64.ActiveCfg = Release|x64
		{ECD7E305-DA88-48C0-A435-98D84EF48945}.Release|x64.Build.0 = Release|x64
		{ECD7E305-DA88-48C0-A435-98D84EF48945}.Release|x86.ActiveCfg = Release|Win32
		{ECD7E305-DA88-48C0-A435-98D84EF48945}.Release|x86.Build.0 = Release|Win32
	EndGlobalSection
	GlobalSection(SolutionProperties) = preSolution
		HideSolutionNode = FALSE
	EndGlobalSection
	GlobalSection(ExtensibilityGlobals) = postSolution
		SolutionGuid = {7086F5D4-2D26-4C3A-A7DA-7728503A25AC}
	EndGlobalSection
EndGlobal
